
Microsoft Visual Studio Solution File, Format Version 12.00
# Visual Studio Version 17
VisualStudioVersion = 17.14.36221.1 d17.14
MinimumVisualStudioVersion = 10.0.40219.1
Project("{FAE04EC0-301F-11D3-BF4B-00C04F79EFBC}") = "Gerenciamente de controle de estoque", "Gerenciamente de controle de estoque\Gerenciamente de controle de estoque.csproj", "{139877E0-FB44-4D26-9AD5-1D6B6FD24FCF}"
EndProject
Global
	GlobalSection(SolutionConfigurationPlatforms) = preSolution
		Debug|Any CPU = Debug|Any CPU
		Release|Any CPU = Release|Any CPU
	EndGlobalSection
	GlobalSection(ProjectConfigurationPlatforms) = postSolution
		{139877E0-FB44-4D26-9AD5-1D6B6FD24FCF}.Debug|Any CPU.ActiveCfg = Debug|Any CPU
		{139877E0-FB44-4D26-9AD5-1D6B6FD24FCF}.Debug|Any CPU.Build.0 = Debug|Any CPU
		{139877E0-FB44-4D26-9AD5-1D6B6FD24FCF}.Release|Any CPU.ActiveCfg = Release|Any CPU
		{139877E0-FB44-4D26-9AD5-1D6B6FD24FCF}.Release|Any CPU.Build.0 = Release|Any CPU
	EndGlobalSection
	GlobalSection(SolutionProperties) = preSolution
		HideSolutionNode = FALSE
	EndGlobalSection
	GlobalSection(ExtensibilityGlobals) = postSolution
		SolutionGuid = {8DFC3E08-AEDF-4E5C-B0A8-FDA29E0106F2}
	EndGlobalSection
EndGlobal
